
Microsoft Visual Studio Solution File, Format Version 12.00
# Visual Studio Version 16
VisualStudioVersion = 16.0.30907.101
MinimumVisualStudioVersion = 10.0.40219.1
Project("{9A19103F-16F7-4668-BE54-9A1E7A4F7556}") = "CodeConvention.Tests", "CodeConvention.Tests\CodeConvention.Tests.csproj", "{40FC35FD-5D78-4060-B5B9-DBF2BCC54720}"
EndProject
Project("{9A19103F-16F7-4668-BE54-9A1E7A4F7556}") = "CodeConvetion.Solid.DepInject", "..\CodeConvetion.Solid.DepInject\CodeConvetion.Solid.DepInject.csproj", "{C9354979-F6E2-4465-8D58-4493FE30EE72}"
EndProject
Project("{9A19103F-16F7-4668-BE54-9A1E7A4F7556}") = "CodeConvention.Solid.SinResp", "..\CodeConvention.Solid.SinResp\CodeConvention.Solid.SinResp.csproj", "{3E15F38E-7559-410C-B9EE-1815CE1BF23F}"
EndProject
Project("{9A19103F-16F7-4668-BE54-9A1E7A4F7556}") = "CodeConvention.Solid.IntSegreg", "..\CodeConvention.Solid.IntSegreg\CodeConvention.Solid.IntSegreg.csproj", "{89863B16-AFBC-45D0-B952-EC85C23312D4}"
EndProject
Project("{9A19103F-16F7-4668-BE54-9A1E7A4F7556}") = "CodeConvention.ApiTraining", "..\CodeConvention.ApiTraining\CodeConvention.ApiTraining.csproj", "{DF713D5B-8BA8-481E-AF26-956E5AE3812D}"
EndProject
Project("{9A19103F-16F7-4668-BE54-9A1E7A4F7556}") = "CodeConvention.Solid.OpenClos", "..\CodeConvention.Solid.OpenClos\CodeConvention.Solid.OpenClos.csproj", "{2D6D1278-86F4-4CB8-8563-BAAB0484A906}"
EndProject
Project("{FAE04EC0-301F-11D3-BF4B-00C04F79EFBC}") = "CodeConvention.Solid.LiskSubs", "..\CodeConvention.Solid.LiskSubs\CodeConvention.Solid.LiskSubs.csproj", "{EA76EC2A-0056-4FA6-B3B7-B001C5D3090E}"
EndProject
Global
	GlobalSection(SolutionConfigurationPlatforms) = preSolution
		Debug|Any CPU = Debug|Any CPU
		Release|Any CPU = Release|Any CPU
	EndGlobalSection
	GlobalSection(ProjectConfigurationPlatforms) = postSolution
		{40FC35FD-5D78-4060-B5B9-DBF2BCC54720}.Debug|Any CPU.ActiveCfg = Debug|Any CPU
		{40FC35FD-5D78-4060-B5B9-DBF2BCC54720}.Debug|Any CPU.Build.0 = Debug|Any CPU
		{40FC35FD-5D78-4060-B5B9-DBF2BCC54720}.Release|Any CPU.ActiveCfg = Release|Any CPU
		{40FC35FD-5D78-4060-B5B9-DBF2BCC54720}.Release|Any CPU.Build.0 = Release|Any CPU
		{C9354979-F6E2-4465-8D58-4493FE30EE72}.Debug|Any CPU.ActiveCfg = Debug|Any CPU
		{C9354979-F6E2-4465-8D58-4493FE30EE72}.Debug|Any CPU.Build.0 = Debug|Any CPU
		{C9354979-F6E2-4465-8D58-4493FE30EE72}.Release|Any CPU.ActiveCfg = Release|Any CPU
		{C9354979-F6E2-4465-8D58-4493FE30EE72}.Release|Any CPU.Build.0 = Release|Any CPU
		{3E15F38E-7559-410C-B9EE-1815CE1BF23F}.Debug|Any CPU.ActiveCfg = Debug|Any CPU
		{3E15F38E-7559-410C-B9EE-1815CE1BF23F}.Debug|Any CPU.Build.0 = Debug|Any CPU
		{3E15F38E-7559-410C-B9EE-1815CE1BF23F}.Release|Any CPU.ActiveCfg = Release|Any CPU
		{3E15F38E-7559-410C-B9EE-1815CE1BF23F}.Release|Any CPU.Build.0 = Release|Any CPU
		{89863B16-AFBC-45D0-B952-EC85C23312D4}.Debug|Any CPU.ActiveCfg = Debug|Any CPU
		{89863B16-AFBC-45D0-B952-EC85C23312D4}.Debug|Any CPU.Build.0 = Debug|Any CPU
		{89863B16-AFBC-45D0-B952-EC85C23312D4}.Release|Any CPU.ActiveCfg = Release|Any CPU
		{89863B16-AFBC-45D0-B952-EC85C23312D4}.Release|Any CPU.Build.0 = Release|Any CPU
		{DF713D5B-8BA8-481E-AF26-956E5AE3812D}.Debug|Any CPU.ActiveCfg = Debug|Any CPU
		{DF713D5B-8BA8-481E-AF26-956E5AE3812D}.Debug|Any CPU.Build.0 = Debug|Any CPU
		{DF713D5B-8BA8-481E-AF26-956E5AE3812D}.Release|Any CPU.ActiveCfg = Release|Any CPU
		{DF713D5B-8BA8-481E-AF26-956E5AE3812D}.Release|Any CPU.Build.0 = Release|Any CPU
		{2D6D1278-86F4-4CB8-8563-BAAB0484A906}.Debug|Any CPU.ActiveCfg = Debug|Any CPU
		{2D6D1278-86F4-4CB8-8563-BAAB0484A906}.Debug|Any CPU.Build.0 = Debug|Any CPU
		{2D6D1278-86F4-4CB8-8563-BAAB0484A906}.Release|Any CPU.ActiveCfg = Release|Any CPU
		{2D6D1278-86F4-4CB8-8563-BAAB0484A906}.Release|Any CPU.Build.0 = Release|Any CPU
		{EA76EC2A-0056-4FA6-B3B7-B001C5D3090E}.Debug|Any CPU.ActiveCfg = Debug|Any CPU
		{EA76EC2A-0056-4FA6-B3B7-B001C5D3090E}.Debug|Any CPU.Build.0 = Debug|Any CPU
		{EA76EC2A-0056-4FA6-B3B7-B001C5D3090E}.Release|Any CPU.ActiveCfg = Release|Any CPU
		{EA76EC2A-0056-4FA6-B3B7-B001C5D3090E}.Release|Any CPU.Build.0 = Release|Any CPU
	EndGlobalSection
	GlobalSection(SolutionProperties) = preSolution
		HideSolutionNode = FALSE
	EndGlobalSection
	GlobalSection(ExtensibilityGlobals) = postSolution
		SolutionGuid = {7FF4300E-B8E3-4C45-BF40-79ED5011D82E}
	EndGlobalSection
EndGlobal
